
Microsoft Visual Studio Solution File, Format Version 12.00
# Visual Studio Version 16
VisualStudioVersion = 16.0.30002.166
MinimumVisualStudioVersion = 10.0.40219.1
Project("{FAE04EC0-301F-11D3-BF4B-00C04F79EFBC}") = "StoryBot", "StoryBot\StoryBot.csproj", "{5E78C864-15A0-47B9-A1D9-138154A9FD8F}"
EndProject
Global
	GlobalSection(SolutionConfigurationPlatforms) = preSolution
		Debug|Any CPU = Debug|Any CPU
		Release|Any CPU = Release|Any CPU
	EndGlobalSection
	GlobalSection(ProjectConfigurationPlatforms) = postSolution
		{5E78C864-15A0-47B9-A1D9-138154A9FD8F}.Debug|Any CPU.ActiveCfg = Debug|Any CPU
		{5E78C864-15A0-47B9-A1D9-138154A9FD8F}.Debug|Any CPU.Build.0 = Debug|Any CPU
		{5E78C864-15A0-47B9-A1D9-138154A9FD8F}.Release|Any CPU.ActiveCfg = Release|Any CPU
		{5E78C864-15A0-47B9-A1D9-138154A9FD8F}.Release|Any CPU.Build.0 = Release|Any CPU
	EndGlobalSection
	GlobalSection(SolutionProperties) = preSolution
		HideSolutionNode = FALSE
	EndGlobalSection
	GlobalSection(ExtensibilityGlobals) = postSolution
		SolutionGuid = {C94E6690-0DEB-4D1D-9D19-92D27555B0D7}
	EndGlobalSection
EndGlobal
